// !$*UTF8*$!
{
	archiveVersion = 1;
	classes = {
	};
	objectVersion = 46;
	objects = {

/* Begin PBXBuildFile section */
		FAE25C111D4AAA010066C715 /* AppDelegate.swift in Sources */ = {isa = PBXBuildFile; fileRef = FAE25C101D4AAA010066C715 /* AppDelegate.swift */; };
		FAE25C131D4AAA010066C715 /* ViewController.swift in Sources */ = {isa = PBXBuildFile; fileRef = FAE25C121D4AAA010066C715 /* ViewController.swift */; };
		FAE25C161D4AAA010066C715 /* Main.storyboard in Resources */ = {isa = PBXBuildFile; fileRef = FAE25C141D4AAA010066C715 /* Main.storyboard */; };
		FAE25C181D4AAA010066C715 /* Assets.xcassets in Resources */ = {isa = PBXBuildFile; fileRef = FAE25C171D4AAA010066C715 /* Assets.xcassets */; };
		FAE25C1B1D4AAA010066C715 /* LaunchScreen.storyboard in Resources */ = {isa = PBXBuildFile; fileRef = FAE25C191D4AAA010066C715 /* LaunchScreen.storyboard */; };
		FAE25C281D4AAA2C0066C715 /* PLCurrencyTextField.framework in Frameworks */ = {isa = PBXBuildFile; fileRef = FAE25C271D4AAA1F0066C715 /* PLCurrencyTextField.framework */; };
		FAE25C291D4AAA2C0066C715 /* PLCurrencyTextField.framework in Embed Frameworks */ = {isa = PBXBuildFile; fileRef = FAE25C271D4AAA1F0066C715 /* PLCurrencyTextField.framework */; settings = {ATTRIBUTES = (CodeSignOnCopy, RemoveHeadersOnCopy, ); }; };
/* End PBXBuildFile section */

/* Begin PBXContainerItemProxy section */
		FAE25C261D4AAA1F0066C715 /* PBXContainerItemProxy */ = {
			isa = PBXContainerItemProxy;
			containerPortal = FAE25C221D4AAA1F0066C715 /* PLCurrencyTextField.xcodeproj */;
			proxyType = 2;
			remoteGlobalIDString = FADE32EF1D414C6D00131D94;
			remoteInfo = "PLCurrencyTextField iOS";
		};
		FAE25C2A1D4AAA2C0066C715 /* PBXContainerItemProxy */ = {
			isa = PBXContainerItemProxy;
			containerPortal = FAE25C221D4AAA1F0066C715 /* PLCurrencyTextField.xcodeproj */;
			proxyType = 1;
			remoteGlobalIDString = FADE32EE1D414C6D00131D94;
			remoteInfo = "PLCurrencyTextField iOS";
		};
/* End PBXContainerItemProxy section */

/* Begin PBXCopyFilesBuildPhase section */
		FAE25C2C1D4AAA2C0066C715 /* Embed Frameworks */ = {
			isa = PBXCopyFilesBuildPhase;
			buildActionMask = 2147483647;
			dstPath = "";
			dstSubfolderSpec = 10;
			files = (
				FAE25C291D4AAA2C0066C715 /* PLCurrencyTextField.framework in Embed Frameworks */,
			);
			name = "Embed Frameworks";
			runOnlyForDeploymentPostprocessing = 0;
		};
/* End PBXCopyFilesBuildPhase section */

/* Begin PBXFileReference section */
		FAE25C0D1D4AAA010066C715 /* PLCurrencyTextField-Example.app */ = {isa = PBXFileReference; explicitFileType = wrapper.application; includeInIndex = 0; path = "PLCurrencyTextField-Example.app"; sourceTree = BUILT_PRODUCTS_DIR; };
		FAE25C101D4AAA010066C715 /* AppDelegate.swift */ = {isa = PBXFileReference; lastKnownFileType = sourcecode.swift; path = AppDelegate.swift; sourceTree = "<group>"; };
		FAE25C121D4AAA010066C715 /* ViewController.swift */ = {isa = PBXFileReference; lastKnownFileType = sourcecode.swift; path = ViewController.swift; sourceTree = "<group>"; };
		FAE25C151D4AAA010066C715 /* Base */ = {isa = PBXFileReference; lastKnownFileType = file.storyboard; name = Base; path = Base.lproj/Main.storyboard; sourceTree = "<group>"; };
		FAE25C171D4AAA010066C715 /* Assets.xcassets */ = {isa = PBXFileReference; lastKnownFileType = folder.assetcatalog; path = Assets.xcassets; sourceTree = "<group>"; };
		FAE25C1A1D4AAA010066C715 /* Base */ = {isa = PBXFileReference; lastKnownFileType = file.storyboard; name = Base; path = Base.lproj/LaunchScreen.storyboard; sourceTree = "<group>"; };
		FAE25C1C1D4AAA010066C715 /* Info.plist */ = {isa = PBXFileReference; lastKnownFileType = text.plist.xml; path = Info.plist; sourceTree = "<group>"; };
		FAE25C221D4AAA1F0066C715 /* PLCurrencyTextField.xcodeproj */ = {isa = PBXFileReference; lastKnownFileType = "wrapper.pb-project"; name = PLCurrencyTextField.xcodeproj; path = ../../PLCurrencyTextField.xcodeproj; sourceTree = "<group>"; };
/* End PBXFileReference section */

/* Begin PBXFrameworksBuildPhase section */
		FAE25C0A1D4AAA010066C715 /* Frameworks */ = {
			isa = PBXFrameworksBuildPhase;
			buildActionMask = 2147483647;
			files = (
				FAE25C281D4AAA2C0066C715 /* PLCurrencyTextField.framework in Frameworks */,
			);
			runOnlyForDeploymentPostprocessing = 0;
		};
/* End PBXFrameworksBuildPhase section */

/* Begin PBXGroup section */
		FAE25C041D4AAA010066C715 = {
			isa = PBXGroup;
			children = (
				FAE25C221D4AAA1F0066C715 /* PLCurrencyTextField.xcodeproj */,
				FAE25C0F1D4AAA010066C715 /* PLCurrencyTextField-Example */,
				FAE25C0E1D4AAA010066C715 /* Products */,
			);
			sourceTree = "<group>";
		};
		FAE25C0E1D4AAA010066C715 /* Products */ = {
			isa = PBXGroup;
			children = (
				FAE25C0D1D4AAA010066C715 /* PLCurrencyTextField-Example.app */,
			);
			name = Products;
			sourceTree = "<group>";
		};
		FAE25C0F1D4AAA010066C715 /* PLCurrencyTextField-Example */ = {
			isa = PBXGroup;
			children = (
				FAE25C101D4AAA010066C715 /* AppDelegate.swift */,
				FAE25C121D4AAA010066C715 /* ViewController.swift */,
				FAE25C141D4AAA010066C715 /* Main.storyboard */,
				FAE25C171D4AAA010066C715 /* Assets.xcassets */,
				FAE25C191D4AAA010066C715 /* LaunchScreen.storyboard */,
				FAE25C1C1D4AAA010066C715 /* Info.plist */,
			);
			path = "PLCurrencyTextField-Example";
			sourceTree = "<group>";
		};
		FAE25C231D4AAA1F0066C715 /* Products */ = {
			isa = PBXGroup;
			children = (
				FAE25C271D4AAA1F0066C715 /* PLCurrencyTextField.framework */,
			);
			name = Products;
			sourceTree = "<group>";
		};
/* End PBXGroup section */

/* Begin PBXNativeTarget section */
		FAE25C0C1D4AAA010066C715 /* PLCurrencyTextField-Example */ = {
			isa = PBXNativeTarget;
			buildConfigurationList = FAE25C1F1D4AAA010066C715 /* Build configuration list for PBXNativeTarget "PLCurrencyTextField-Example" */;
			buildPhases = (
				FAE25C091D4AAA010066C715 /* Sources */,
				FAE25C0A1D4AAA010066C715 /* Frameworks */,
				FAE25C0B1D4AAA010066C715 /* Resources */,
				FAE25C2C1D4AAA2C0066C715 /* Embed Frameworks */,
			);
			buildRules = (
			);
			dependencies = (
				FAE25C2B1D4AAA2C0066C715 /* PBXTargetDependency */,
			);
			name = "PLCurrencyTextField-Example";
			productName = "PLCurrencyTextField-Example";
			productReference = FAE25C0D1D4AAA010066C715 /* PLCurrencyTextField-Example.app */;
			productType = "com.apple.product-type.application";
		};
/* End PBXNativeTarget section */

/* Begin PBXProject section */
		FAE25C051D4AAA010066C715 /* Project object */ = {
			isa = PBXProject;
			attributes = {
				LastSwiftUpdateCheck = 0730;
				LastUpgradeCheck = 0730;
				ORGANIZATIONNAME = "Plum's organization";
				TargetAttributes = {
					FAE25C0C1D4AAA010066C715 = {
						CreatedOnToolsVersion = 7.3.1;
						DevelopmentTeam = 5U27QHVP2P;
						LastSwiftMigration = 0810;
					};
				};
			};
			buildConfigurationList = FAE25C081D4AAA010066C715 /* Build configuration list for PBXProject "PLCurrencyTextField-Example" */;
			compatibilityVersion = "Xcode 3.2";
			developmentRegion = English;
			hasScannedForEncodings = 0;
			knownRegions = (
				en,
				Base,
			);
			mainGroup = FAE25C041D4AAA010066C715;
			productRefGroup = FAE25C0E1D4AAA010066C715 /* Products */;
			projectDirPath = "";
			projectReferences = (
				{
					ProductGroup = FAE25C231D4AAA1F0066C715 /* Products */;
					ProjectRef = FAE25C221D4AAA1F0066C715 /* PLCurrencyTextField.xcodeproj */;
				},
			);
			projectRoot = "";
			targets = (
				FAE25C0C1D4AAA010066C715 /* PLCurrencyTextField-Example */,
			);
		};
/* End PBXProject section */

/* Begin PBXReferenceProxy section */
		FAE25C271D4AAA1F0066C715 /* PLCurrencyTextField.framework */ = {
			isa = PBXReferenceProxy;
			fileType = wrapper.framework;
			path = PLCurrencyTextField.framework;
			remoteRef = FAE25C261D4AAA1F0066C715 /* PBXContainerItemProxy */;
			sourceTree = BUILT_PRODUCTS_DIR;
		};
/* End PBXReferenceProxy section */

/* Begin PBXResourcesBuildPhase section */
		FAE25C0B1D4AAA010066C715 /* Resources */ = {
			isa = PBXResourcesBuildPhase;
			buildActionMask = 2147483647;
			files = (
				FAE25C1B1D4AAA010066C715 /* LaunchScreen.storyboard in Resources */,
				FAE25C181D4AAA010066C715 /* Assets.xcassets in Resources */,
				FAE25C161D4AAA010066C715 /* Main.storyboard in Resources */,
			);
			runOnlyForDeploymentPostprocessing = 0;
		};
/* End PBXResourcesBuildPhase section */

/* Begin PBXSourcesBuildPhase section */
		FAE25C091D4AAA010066C715 /* Sources */ = {
			isa = PBXSourcesBuildPhase;
			buildActionMask = 2147483647;
			files = (
				FAE25C131D4AAA010066C715 /* ViewController.swift in Sources */,
				FAE25C111D4AAA010066C715 /* AppDelegate.swift in Sources */,
			);
			runOnlyForDeploymentPostprocessing = 0;
		};
/* End PBXSourcesBuildPhase section */

/* Begin PBXTargetDependency section */
		FAE25C2B1D4AAA2C0066C715 /* PBXTargetDependency */ = {
			isa = PBXTargetDependency;
			name = "PLCurrencyTextField iOS";
			targetProxy = FAE25C2A1D4AAA2C0066C715 /* PBXContainerItemProxy */;
		};
/* End PBXTargetDependency section */

/* Begin PBXVariantGroup section */
		FAE25C141D4AAA010066C715 /* Main.storyboard */ = {
			isa = PBXVariantGroup;
			children = (
				FAE25C151D4AAA010066C715 /* Base */,
			);
			name = Main.storyboard;
			sourceTree = "<group>";
		};
		FAE25C191D4AAA010066C715 /* LaunchScreen.storyboard */ = {
			isa = PBXVariantGroup;
			children = (
				FAE25C1A1D4AAA010066C715 /* Base */,
			);
			name = LaunchScreen.storyboard;
			sourceTree = "<group>";
		};
/* End PBXVariantGroup section */

/* Begin XCBuildConfiguration section */
		FAE25C1D1D4AAA010066C715 /* Debug */ = {
			isa = XCBuildConfiguration;
			buildSettings = {
				ALWAYS_SEARCH_USER_PATHS = NO;
				CLANG_ANALYZER_NONNULL = YES;
				CLANG_CXX_LANGUAGE_STANDARD = "gnu++0x";
				CLANG_CXX_LIBRARY = "libc++";
				CLANG_ENABLE_MODULES = YES;
				CLANG_ENABLE_OBJC_ARC = YES;
				CLANG_WARN_BOOL_CONVERSION = YES;
				CLANG_WARN_CONSTANT_CONVERSION = YES;
				CLANG_WARN_DIRECT_OBJC_ISA_USAGE = YES_ERROR;
				CLANG_WARN_EMPTY_BODY = YES;
				CLANG_WARN_ENUM_CONVERSION = YES;
				CLANG_WARN_INT_CONVERSION = YES;
				CLANG_WARN_OBJC_ROOT_CLASS = YES_ERROR;
				CLANG_WARN_UNREACHABLE_CODE = YES;
				CLANG_WARN__DUPLICATE_METHOD_MATCH = YES;
				"CODE_SIGN_IDENTITY[sdk=iphoneos*]" = "iPhone Developer";
				COPY_PHASE_STRIP = NO;
				DEBUG_INFORMATION_FORMAT = dwarf;
				ENABLE_STRICT_OBJC_MSGSEND = YES;
				ENABLE_TESTABILITY = YES;
				GCC_C_LANGUAGE_STANDARD = gnu99;
				GCC_DYNAMIC_NO_PIC = NO;
				GCC_NO_COMMON_BLOCKS = YES;
				GCC_OPTIMIZATION_LEVEL = 0;
				GCC_PREPROCESSOR_DEFINITIONS = (
					"DEBUG=1",
					"$(inherited)",
				);
				GCC_WARN_64_TO_32_BIT_CONVERSION = YES;
				GCC_WARN_ABOUT_RETURN_TYPE = YES_ERROR;
				GCC_WARN_UNDECLARED_SELECTOR = YES;
				GCC_WARN_UNINITIALIZED_AUTOS = YES_AGGRESSIVE;
				GCC_WARN_UNUSED_FUNCTION = YES;
				GCC_WARN_UNUSED_VARIABLE = YES;
				IPHONEOS_DEPLOYMENT_TARGET = 9.3;
				MTL_ENABLE_DEBUG_INFO = YES;
				ONLY_ACTIVE_ARCH = YES;
				SDKROOT = iphoneos;
				SWIFT_OPTIMIZATION_LEVEL = "-Onone";
				TARGETED_DEVICE_FAMILY = 2;
			};
			name = Debug;
		};
		FAE25C1E1D4AAA010066C715 /* Release */ = {
			isa = XCBuildConfiguration;
			buildSettings = {
				ALWAYS_SEARCH_USER_PATHS = NO;
				CLANG_ANALYZER_NONNULL = YES;
				CLANG_CXX_LANGUAGE_STANDARD = "gnu++0x";
				CLANG_CXX_LIBRARY = "libc++";
				CLANG_ENABLE_MODULES = YES;
				CLANG_ENABLE_OBJC_ARC = YES;
				CLANG_WARN_BOOL_CONVERSION = YES;
				CLANG_WARN_CONSTANT_CONVERSION = YES;
				CLANG_WARN_DIRECT_OBJC_ISA_USAGE = YES_ERROR;
				CLANG_WARN_EMPTY_BODY = YES;
				CLANG_WARN_ENUM_CONVERSION = YES;
				CLANG_WARN_INT_CONVERSION = YES;
				CLANG_WARN_OBJC_ROOT_CLASS = YES_ERROR;
				CLANG_WARN_UNREACHABLE_CODE = YES;
				CLANG_WARN__DUPLICATE_METHOD_MATCH = YES;
				"CODE_SIGN_IDENTITY[sdk=iphoneos*]" = "iPhone Developer";
				COPY_PHASE_STRIP = NO;
				DEBUG_INFORMATION_FORMAT = "dwarf-with-dsym";
				ENABLE_NS_ASSERTIONS = NO;
				ENABLE_STRICT_OBJC_MSGSEND = YES;
				GCC_C_LANGUAGE_STANDARD = gnu99;
				GCC_NO_COMMON_BLOCKS = YES;
				GCC_WARN_64_TO_32_BIT_CONVERSION = YES;
				GCC_WARN_ABOUT_RETURN_TYPE = YES_ERROR;
				GCC_WARN_UNDECLARED_SELECTOR = YES;
				GCC_WARN_UNINITIALIZED_AUTOS = YES_AGGRESSIVE;
				GCC_WARN_UNUSED_FUNCTION = YES;
				GCC_WARN_UNUSED_VARIABLE = YES;
				IPHONEOS_DEPLOYMENT_TARGET = 9.3;
				MTL_ENABLE_DEBUG_INFO = NO;
				SDKROOT = iphoneos;
				TARGETED_DEVICE_FAMILY = 2;
				VALIDATE_PRODUCT = YES;
			};
			name = Release;
		};
		FAE25C201D4AAA010066C715 /* Debug */ = {
			isa = XCBuildConfiguration;
			buildSettings = {
				ASSETCATALOG_COMPILER_APPICON_NAME = AppIcon;
				EMBEDDED_CONTENT_CONTAINS_SWIFT = YES;
				INFOPLIST_FILE = "PLCurrencyTextField-Example/Info.plist";
				LD_RUNPATH_SEARCH_PATHS = "$(inherited) @executable_path/Frameworks";
				PRODUCT_BUNDLE_IDENTIFIER = "pl.plum.PLCurrencyTextField-Example";
				PRODUCT_NAME = "$(TARGET_NAME)";
				SWIFT_VERSION = 3.0;
			};
			name = Debug;
		};
		FAE25C211D4AAA010066C715 /* Release */ = {
			isa = XCBuildConfiguration;
			buildSettings = {
				ASSETCATALOG_COMPILER_APPICON_NAME = AppIcon;
				EMBEDDED_CONTENT_CONTAINS_SWIFT = YES;
				INFOPLIST_FILE = "PLCurrencyTextField-Example/Info.plist";
				LD_RUNPATH_SEARCH_PATHS = "$(inherited) @executable_path/Frameworks";
				PRODUCT_BUNDLE_IDENTIFIER = "pl.plum.PLCurrencyTextField-Example";
				PRODUCT_NAME = "$(TARGET_NAME)";
				SWIFT_VERSION = 3.0;
			};
			name = Release;
		};
/* End XCBuildConfiguration section */

/* Begin XCConfigurationList section */
		FAE25C081D4AAA010066C715 /* Build configuration list for PBXProject "PLCurrencyTextField-Example" */ = {
			isa = XCConfigurationList;
			buildConfigurations = (
				FAE25C1D1D4AAA010066C715 /* Debug */,
				FAE25C1E1D4AAA010066C715 /* Release */,
			);
			defaultConfigurationIsVisible = 0;
			defaultConfigurationName = Release;
		};
		FAE25C1F1D4AAA010066C715 /* Build configuration list for PBXNativeTarget "PLCurrencyTextField-Example" */ = {
			isa = XCConfigurationList;
			buildConfigurations = (
				FAE25C201D4AAA010066C715 /* Debug */,
				FAE25C211D4AAA010066C715 /* Release */,
			);
			defaultConfigurationIsVisible = 0;
			defaultConfigurationName = Release;
		};
/* End XCConfigurationList section */
	};
	rootObject = FAE25C051D4AAA010066C715 /* Project object */;
}
