// !$*UTF8*$!
{
	archiveVersion = 1;
	classes = {
	};
	objectVersion = 46;
	objects = {

/* Begin PBXBuildFile section */
		FA2BEFFE1D3FE01A003305B1 /* AppDelegate.swift in Sources */ = {isa = PBXBuildFile; fileRef = FA2BEFFD1D3FE01A003305B1 /* AppDelegate.swift */; };
		FA2BF0001D3FE01A003305B1 /* ViewController.swift in Sources */ = {isa = PBXBuildFile; fileRef = FA2BEFFF1D3FE01A003305B1 /* ViewController.swift */; };
		FA2BF0031D3FE01A003305B1 /* Main.storyboard in Resources */ = {isa = PBXBuildFile; fileRef = FA2BF0011D3FE01A003305B1 /* Main.storyboard */; };
		FA2BF0051D3FE01A003305B1 /* Assets.xcassets in Resources */ = {isa = PBXBuildFile; fileRef = FA2BF0041D3FE01A003305B1 /* Assets.xcassets */; };
		FA2BF0081D3FE01A003305B1 /* LaunchScreen.storyboard in Resources */ = {isa = PBXBuildFile; fileRef = FA2BF0061D3FE01A003305B1 /* LaunchScreen.storyboard */; };
		FA2BF0101D3FE036003305B1 /* CurrencyTextField.swift in Sources */ = {isa = PBXBuildFile; fileRef = FA2BF00F1D3FE036003305B1 /* CurrencyTextField.swift */; };
/* End PBXBuildFile section */

/* Begin PBXFileReference section */
		FA2BEFFA1D3FE01A003305B1 /* CurrencyTextField.app */ = {isa = PBXFileReference; explicitFileType = wrapper.application; includeInIndex = 0; path = CurrencyTextField.app; sourceTree = BUILT_PRODUCTS_DIR; };
		FA2BEFFD1D3FE01A003305B1 /* AppDelegate.swift */ = {isa = PBXFileReference; lastKnownFileType = sourcecode.swift; path = AppDelegate.swift; sourceTree = "<group>"; };
		FA2BEFFF1D3FE01A003305B1 /* ViewController.swift */ = {isa = PBXFileReference; lastKnownFileType = sourcecode.swift; path = ViewController.swift; sourceTree = "<group>"; };
		FA2BF0021D3FE01A003305B1 /* Base */ = {isa = PBXFileReference; lastKnownFileType = file.storyboard; name = Base; path = Base.lproj/Main.storyboard; sourceTree = "<group>"; };
		FA2BF0041D3FE01A003305B1 /* Assets.xcassets */ = {isa = PBXFileReference; lastKnownFileType = folder.assetcatalog; path = Assets.xcassets; sourceTree = "<group>"; };
		FA2BF0071D3FE01A003305B1 /* Base */ = {isa = PBXFileReference; lastKnownFileType = file.storyboard; name = Base; path = Base.lproj/LaunchScreen.storyboard; sourceTree = "<group>"; };
		FA2BF0091D3FE01A003305B1 /* Info.plist */ = {isa = PBXFileReference; lastKnownFileType = text.plist.xml; path = Info.plist; sourceTree = "<group>"; };
		FA2BF00F1D3FE036003305B1 /* CurrencyTextField.swift */ = {isa = PBXFileReference; fileEncoding = 4; lastKnownFileType = sourcecode.swift; path = CurrencyTextField.swift; sourceTree = "<group>"; };
/* End PBXFileReference section */

/* Begin PBXFrameworksBuildPhase section */
		FA2BEFF71D3FE01A003305B1 /* Frameworks */ = {
			isa = PBXFrameworksBuildPhase;
			buildActionMask = 2147483647;
			files = (
			);
			runOnlyForDeploymentPostprocessing = 0;
		};
/* End PBXFrameworksBuildPhase section */

/* Begin PBXGroup section */
		FA2BEFF11D3FE01A003305B1 = {
			isa = PBXGroup;
			children = (
				FA2BEFFC1D3FE01A003305B1 /* CurrencyTextField */,
				FA2BEFFB1D3FE01A003305B1 /* Products */,
			);
			sourceTree = "<group>";
		};
		FA2BEFFB1D3FE01A003305B1 /* Products */ = {
			isa = PBXGroup;
			children = (
				FA2BEFFA1D3FE01A003305B1 /* CurrencyTextField.app */,
			);
			name = Products;
			sourceTree = "<group>";
		};
		FA2BEFFC1D3FE01A003305B1 /* CurrencyTextField */ = {
			isa = PBXGroup;
			children = (
				FA2BF0091D3FE01A003305B1 /* Info.plist */,
				FA2BEFFD1D3FE01A003305B1 /* AppDelegate.swift */,
				FA2BF00F1D3FE036003305B1 /* CurrencyTextField.swift */,
				FA2BEFFF1D3FE01A003305B1 /* ViewController.swift */,
				FA2BF0041D3FE01A003305B1 /* Assets.xcassets */,
				FA2BF0061D3FE01A003305B1 /* LaunchScreen.storyboard */,
				FA2BF0011D3FE01A003305B1 /* Main.storyboard */,
			);
			path = CurrencyTextField;
			sourceTree = "<group>";
		};
/* End PBXGroup section */

/* Begin PBXNativeTarget section */
		FA2BEFF91D3FE01A003305B1 /* CurrencyTextField */ = {
			isa = PBXNativeTarget;
			buildConfigurationList = FA2BF00C1D3FE01A003305B1 /* Build configuration list for PBXNativeTarget "CurrencyTextField" */;
			buildPhases = (
				FA2BEFF61D3FE01A003305B1 /* Sources */,
				FA2BEFF71D3FE01A003305B1 /* Frameworks */,
				FA2BEFF81D3FE01A003305B1 /* Resources */,
			);
			buildRules = (
			);
			dependencies = (
			);
			name = CurrencyTextField;
			productName = CurrencyTextField;
			productReference = FA2BEFFA1D3FE01A003305B1 /* CurrencyTextField.app */;
			productType = "com.apple.product-type.application";
		};
/* End PBXNativeTarget section */

/* Begin PBXProject section */
		FA2BEFF21D3FE01A003305B1 /* Project object */ = {
			isa = PBXProject;
			attributes = {
				LastSwiftUpdateCheck = 0730;
				LastUpgradeCheck = 0730;
				ORGANIZATIONNAME = "Plum's organization";
				TargetAttributes = {
					FA2BEFF91D3FE01A003305B1 = {
						CreatedOnToolsVersion = 7.3.1;
					};
				};
			};
			buildConfigurationList = FA2BEFF51D3FE01A003305B1 /* Build configuration list for PBXProject "CurrencyTextField" */;
			compatibilityVersion = "Xcode 3.2";
			developmentRegion = English;
			hasScannedForEncodings = 0;
			knownRegions = (
				en,
				Base,
			);
			mainGroup = FA2BEFF11D3FE01A003305B1;
			productRefGroup = FA2BEFFB1D3FE01A003305B1 /* Products */;
			projectDirPath = "";
			projectRoot = "";
			targets = (
				FA2BEFF91D3FE01A003305B1 /* CurrencyTextField */,
			);
		};
/* End PBXProject section */

/* Begin PBXResourcesBuildPhase section */
		FA2BEFF81D3FE01A003305B1 /* Resources */ = {
			isa = PBXResourcesBuildPhase;
			buildActionMask = 2147483647;
			files = (
				FA2BF0081D3FE01A003305B1 /* LaunchScreen.storyboard in Resources */,
				FA2BF0051D3FE01A003305B1 /* Assets.xcassets in Resources */,
				FA2BF0031D3FE01A003305B1 /* Main.storyboard in Resources */,
			);
			runOnlyForDeploymentPostprocessing = 0;
		};
/* End PBXResourcesBuildPhase section */

/* Begin PBXSourcesBuildPhase section */
		FA2BEFF61D3FE01A003305B1 /* Sources */ = {
			isa = PBXSourcesBuildPhase;
			buildActionMask = 2147483647;
			files = (
				FA2BF0101D3FE036003305B1 /* CurrencyTextField.swift in Sources */,
				FA2BF0001D3FE01A003305B1 /* ViewController.swift in Sources */,
				FA2BEFFE1D3FE01A003305B1 /* AppDelegate.swift in Sources */,
			);
			runOnlyForDeploymentPostprocessing = 0;
		};
/* End PBXSourcesBuildPhase section */

/* Begin PBXVariantGroup section */
		FA2BF0011D3FE01A003305B1 /* Main.storyboard */ = {
			isa = PBXVariantGroup;
			children = (
				FA2BF0021D3FE01A003305B1 /* Base */,
			);
			name = Main.storyboard;
			sourceTree = "<group>";
		};
		FA2BF0061D3FE01A003305B1 /* LaunchScreen.storyboard */ = {
			isa = PBXVariantGroup;
			children = (
				FA2BF0071D3FE01A003305B1 /* Base */,
			);
			name = LaunchScreen.storyboard;
			sourceTree = "<group>";
		};
/* End PBXVariantGroup section */

/* Begin XCBuildConfiguration section */
		FA2BF00A1D3FE01A003305B1 /* Debug */ = {
			isa = XCBuildConfiguration;
			buildSettings = {
				ALWAYS_SEARCH_USER_PATHS = NO;
				CLANG_ANALYZER_NONNULL = YES;
				CLANG_CXX_LANGUAGE_STANDARD = "gnu++0x";
				CLANG_CXX_LIBRARY = "libc++";
				CLANG_ENABLE_MODULES = YES;
				CLANG_ENABLE_OBJC_ARC = YES;
				CLANG_WARN_BOOL_CONVERSION = YES;
				CLANG_WARN_CONSTANT_CONVERSION = YES;
				CLANG_WARN_DIRECT_OBJC_ISA_USAGE = YES_ERROR;
				CLANG_WARN_EMPTY_BODY = YES;
				CLANG_WARN_ENUM_CONVERSION = YES;
				CLANG_WARN_INT_CONVERSION = YES;
				CLANG_WARN_OBJC_ROOT_CLASS = YES_ERROR;
				CLANG_WARN_UNREACHABLE_CODE = YES;
				CLANG_WARN__DUPLICATE_METHOD_MATCH = YES;
				"CODE_SIGN_IDENTITY[sdk=iphoneos*]" = "iPhone Developer";
				COPY_PHASE_STRIP = NO;
				DEBUG_INFORMATION_FORMAT = dwarf;
				ENABLE_STRICT_OBJC_MSGSEND = YES;
				ENABLE_TESTABILITY = YES;
				GCC_C_LANGUAGE_STANDARD = gnu99;
				GCC_DYNAMIC_NO_PIC = NO;
				GCC_NO_COMMON_BLOCKS = YES;
				GCC_OPTIMIZATION_LEVEL = 0;
				GCC_PREPROCESSOR_DEFINITIONS = (
					"DEBUG=1",
					"$(inherited)",
				);
				GCC_WARN_64_TO_32_BIT_CONVERSION = YES;
				GCC_WARN_ABOUT_RETURN_TYPE = YES_ERROR;
				GCC_WARN_UNDECLARED_SELECTOR = YES;
				GCC_WARN_UNINITIALIZED_AUTOS = YES_AGGRESSIVE;
				GCC_WARN_UNUSED_FUNCTION = YES;
				GCC_WARN_UNUSED_VARIABLE = YES;
				IPHONEOS_DEPLOYMENT_TARGET = 9.3;
				MTL_ENABLE_DEBUG_INFO = YES;
				ONLY_ACTIVE_ARCH = YES;
				SDKROOT = iphoneos;
				SWIFT_OPTIMIZATION_LEVEL = "-Onone";
				TARGETED_DEVICE_FAMILY = 2;
			};
			name = Debug;
		};
		FA2BF00B1D3FE01A003305B1 /* Release */ = {
			isa = XCBuildConfiguration;
			buildSettings = {
				ALWAYS_SEARCH_USER_PATHS = NO;
				CLANG_ANALYZER_NONNULL = YES;
				CLANG_CXX_LANGUAGE_STANDARD = "gnu++0x";
				CLANG_CXX_LIBRARY = "libc++";
				CLANG_ENABLE_MODULES = YES;
				CLANG_ENABLE_OBJC_ARC = YES;
				CLANG_WARN_BOOL_CONVERSION = YES;
				CLANG_WARN_CONSTANT_CONVERSION = YES;
				CLANG_WARN_DIRECT_OBJC_ISA_USAGE = YES_ERROR;
				CLANG_WARN_EMPTY_BODY = YES;
				CLANG_WARN_ENUM_CONVERSION = YES;
				CLANG_WARN_INT_CONVERSION = YES;
				CLANG_WARN_OBJC_ROOT_CLASS = YES_ERROR;
				CLANG_WARN_UNREACHABLE_CODE = YES;
				CLANG_WARN__DUPLICATE_METHOD_MATCH = YES;
				"CODE_SIGN_IDENTITY[sdk=iphoneos*]" = "iPhone Developer";
				COPY_PHASE_STRIP = NO;
				DEBUG_INFORMATION_FORMAT = "dwarf-with-dsym";
				ENABLE_NS_ASSERTIONS = NO;
				ENABLE_STRICT_OBJC_MSGSEND = YES;
				GCC_C_LANGUAGE_STANDARD = gnu99;
				GCC_NO_COMMON_BLOCKS = YES;
				GCC_WARN_64_TO_32_BIT_CONVERSION = YES;
				GCC_WARN_ABOUT_RETURN_TYPE = YES_ERROR;
				GCC_WARN_UNDECLARED_SELECTOR = YES;
				GCC_WARN_UNINITIALIZED_AUTOS = YES_AGGRESSIVE;
				GCC_WARN_UNUSED_FUNCTION = YES;
				GCC_WARN_UNUSED_VARIABLE = YES;
				IPHONEOS_DEPLOYMENT_TARGET = 9.3;
				MTL_ENABLE_DEBUG_INFO = NO;
				SDKROOT = iphoneos;
				TARGETED_DEVICE_FAMILY = 2;
				VALIDATE_PRODUCT = YES;
			};
			name = Release;
		};
		FA2BF00D1D3FE01A003305B1 /* Debug */ = {
			isa = XCBuildConfiguration;
			buildSettings = {
				ASSETCATALOG_COMPILER_APPICON_NAME = AppIcon;
				CODE_SIGN_IDENTITY = "iPhone Developer";
				INFOPLIST_FILE = CurrencyTextField/Info.plist;
				LD_RUNPATH_SEARCH_PATHS = "$(inherited) @executable_path/Frameworks";
				PRODUCT_BUNDLE_IDENTIFIER = pl.plum.CurrencyTextField;
				PRODUCT_NAME = "$(TARGET_NAME)";
				TARGETED_DEVICE_FAMILY = 1;
			};
			name = Debug;
		};
		FA2BF00E1D3FE01A003305B1 /* Release */ = {
			isa = XCBuildConfiguration;
			buildSettings = {
				ASSETCATALOG_COMPILER_APPICON_NAME = AppIcon;
				CODE_SIGN_IDENTITY = "iPhone Developer";
				INFOPLIST_FILE = CurrencyTextField/Info.plist;
				LD_RUNPATH_SEARCH_PATHS = "$(inherited) @executable_path/Frameworks";
				PRODUCT_BUNDLE_IDENTIFIER = pl.plum.CurrencyTextField;
				PRODUCT_NAME = "$(TARGET_NAME)";
				TARGETED_DEVICE_FAMILY = 1;
			};
			name = Release;
		};
/* End XCBuildConfiguration section */

/* Begin XCConfigurationList section */
		FA2BEFF51D3FE01A003305B1 /* Build configuration list for PBXProject "CurrencyTextField" */ = {
			isa = XCConfigurationList;
			buildConfigurations = (
				FA2BF00A1D3FE01A003305B1 /* Debug */,
				FA2BF00B1D3FE01A003305B1 /* Release */,
			);
			defaultConfigurationIsVisible = 0;
			defaultConfigurationName = Release;
		};
		FA2BF00C1D3FE01A003305B1 /* Build configuration list for PBXNativeTarget "CurrencyTextField" */ = {
			isa = XCConfigurationList;
			buildConfigurations = (
				FA2BF00D1D3FE01A003305B1 /* Debug */,
				FA2BF00E1D3FE01A003305B1 /* Release */,
			);
			defaultConfigurationIsVisible = 0;
		};
/* End XCConfigurationList section */
	};
	rootObject = FA2BEFF21D3FE01A003305B1 /* Project object */;
}
